
Microsoft Visual Studio Solution File, Format Version 12.00
# Visual Studio 15
VisualStudioVersion = 15.0.28010.2016
MinimumVisualStudioVersion = 10.0.40219.1
Project("{FAE04EC0-301F-11D3-BF4B-00C04F79EFBC}") = "MineSweeper.Test", "..\..\test\MineSweeper.Test\MineSweeper.Test.csproj", "{EAEA569B-4814-42C5-902A-2987FCBC6652}"
EndProject
Project("{FAE04EC0-301F-11D3-BF4B-00C04F79EFBC}") = "MineSweeper", "..\MineSweeper\MineSweeper\MineSweeper.csproj", "{6EDAFBF0-E2A1-483E-9AA9-574EF6504D88}"
EndProject
Global
	GlobalSection(SolutionConfigurationPlatforms) = preSolution
		Debug|Any CPU = Debug|Any CPU
		Release|Any CPU = Release|Any CPU
	EndGlobalSection
	GlobalSection(ProjectConfigurationPlatforms) = postSolution
		{EAEA569B-4814-42C5-902A-2987FCBC6652}.Debug|Any CPU.ActiveCfg = Debug|Any CPU
		{EAEA569B-4814-42C5-902A-2987FCBC6652}.Debug|Any CPU.Build.0 = Debug|Any CPU
		{EAEA569B-4814-42C5-902A-2987FCBC6652}.Release|Any CPU.ActiveCfg = Release|Any CPU
		{EAEA569B-4814-42C5-902A-2987FCBC6652}.Release|Any CPU.Build.0 = Release|Any CPU
		{6EDAFBF0-E2A1-483E-9AA9-574EF6504D88}.Debug|Any CPU.ActiveCfg = Debug|Any CPU
		{6EDAFBF0-E2A1-483E-9AA9-574EF6504D88}.Debug|Any CPU.Build.0 = Debug|Any CPU
		{6EDAFBF0-E2A1-483E-9AA9-574EF6504D88}.Release|Any CPU.ActiveCfg = Release|Any CPU
		{6EDAFBF0-E2A1-483E-9AA9-574EF6504D88}.Release|Any CPU.Build.0 = Release|Any CPU
	EndGlobalSection
	GlobalSection(SolutionProperties) = preSolution
		HideSolutionNode = FALSE
	EndGlobalSection
	GlobalSection(ExtensibilityGlobals) = postSolution
		SolutionGuid = {669B1F27-0950-421E-AC12-04E1188E844D}
	EndGlobalSection
EndGlobal
